
Microsoft Visual Studio Solution File, Format Version 12.00
# Visual Studio 15
VisualStudioVersion = 15.0.27703.2035
MinimumVisualStudioVersion = 10.0.40219.1
Project("{FAE04EC0-301F-11D3-BF4B-00C04F79EFBC}") = "WebContainerDemo", "WebContainerDemo\WebContainerDemo.csproj", "{BB507208-90A7-4240-AF17-B76E4760C2B1}"
EndProject
Project("{E53339B2-1760-4266-BCC7-CA923CBCF16C}") = "docker-compose", "docker-compose.dcproj", "{69167C5E-FE44-455D-A7F9-5B9F0607B245}"
EndProject
Global
	GlobalSection(SolutionConfigurationPlatforms) = preSolution
		Debug|Any CPU = Debug|Any CPU
		Release|Any CPU = Release|Any CPU
	EndGlobalSection
	GlobalSection(ProjectConfigurationPlatforms) = postSolution
		{BB507208-90A7-4240-AF17-B76E4760C2B1}.Debug|Any CPU.ActiveCfg = Debug|Any CPU
		{BB507208-90A7-4240-AF17-B76E4760C2B1}.Debug|Any CPU.Build.0 = Debug|Any CPU
		{BB507208-90A7-4240-AF17-B76E4760C2B1}.Release|Any CPU.ActiveCfg = Release|Any CPU
		{BB507208-90A7-4240-AF17-B76E4760C2B1}.Release|Any CPU.Build.0 = Release|Any CPU
		{69167C5E-FE44-455D-A7F9-5B9F0607B245}.Debug|Any CPU.ActiveCfg = Debug|Any CPU
		{69167C5E-FE44-455D-A7F9-5B9F0607B245}.Debug|Any CPU.Build.0 = Debug|Any CPU
		{69167C5E-FE44-455D-A7F9-5B9F0607B245}.Release|Any CPU.ActiveCfg = Release|Any CPU
		{69167C5E-FE44-455D-A7F9-5B9F0607B245}.Release|Any CPU.Build.0 = Release|Any CPU
	EndGlobalSection
	GlobalSection(SolutionProperties) = preSolution
		HideSolutionNode = FALSE
	EndGlobalSection
	GlobalSection(ExtensibilityGlobals) = postSolution
		SolutionGuid = {7EA840B8-F031-4065-B290-C62C05EE042C}
	EndGlobalSection
EndGlobal
